
Microsoft Visual Studio Solution File, Format Version 12.00
# Visual Studio Version 16
VisualStudioVersion = 16.0.30104.148
MinimumVisualStudioVersion = 10.0.40219.1
Project("{9A19103F-16F7-4668-BE54-9A1E7A4F7556}") = "TP6_1", "TP6_1\TP6_1.csproj", "{2BA3D6E1-B964-4957-83DC-3190C49C213E}"
EndProject
Project("{9A19103F-16F7-4668-BE54-9A1E7A4F7556}") = "TP6_2", "TP6_2\TP6_2.csproj", "{400D4F15-D6D5-4ACE-9A55-96D30C0FDAEC}"
EndProject
Project("{FAE04EC0-301F-11D3-BF4B-00C04F79EFBC}") = "TP6_3", "TP6_3\TP6_3.csproj", "{B8B24E03-DE4E-4248-BE6D-2DC9209B009E}"
EndProject
Global
	GlobalSection(SolutionConfigurationPlatforms) = preSolution
		Debug|Any CPU = Debug|Any CPU
		Release|Any CPU = Release|Any CPU
	EndGlobalSection
	GlobalSection(ProjectConfigurationPlatforms) = postSolution
		{2BA3D6E1-B964-4957-83DC-3190C49C213E}.Debug|Any CPU.ActiveCfg = Debug|Any CPU
		{2BA3D6E1-B964-4957-83DC-3190C49C213E}.Debug|Any CPU.Build.0 = Debug|Any CPU
		{2BA3D6E1-B964-4957-83DC-3190C49C213E}.Release|Any CPU.ActiveCfg = Release|Any CPU
		{2BA3D6E1-B964-4957-83DC-3190C49C213E}.Release|Any CPU.Build.0 = Release|Any CPU
		{400D4F15-D6D5-4ACE-9A55-96D30C0FDAEC}.Debug|Any CPU.ActiveCfg = Debug|Any CPU
		{400D4F15-D6D5-4ACE-9A55-96D30C0FDAEC}.Debug|Any CPU.Build.0 = Debug|Any CPU
		{400D4F15-D6D5-4ACE-9A55-96D30C0FDAEC}.Release|Any CPU.ActiveCfg = Release|Any CPU
		{400D4F15-D6D5-4ACE-9A55-96D30C0FDAEC}.Release|Any CPU.Build.0 = Release|Any CPU
		{B8B24E03-DE4E-4248-BE6D-2DC9209B009E}.Debug|Any CPU.ActiveCfg = Debug|Any CPU
		{B8B24E03-DE4E-4248-BE6D-2DC9209B009E}.Debug|Any CPU.Build.0 = Debug|Any CPU
		{B8B24E03-DE4E-4248-BE6D-2DC9209B009E}.Release|Any CPU.ActiveCfg = Release|Any CPU
		{B8B24E03-DE4E-4248-BE6D-2DC9209B009E}.Release|Any CPU.Build.0 = Release|Any CPU
	EndGlobalSection
	GlobalSection(SolutionProperties) = preSolution
		HideSolutionNode = FALSE
	EndGlobalSection
	GlobalSection(ExtensibilityGlobals) = postSolution
		SolutionGuid = {5B9F17EA-FC19-4391-9C5E-4B77AAFA42F5}
	EndGlobalSection
EndGlobal
